
Microsoft Visual Studio Solution File, Format Version 12.00
# Visual Studio Version 17
VisualStudioVersion = 17.5.33424.131
MinimumVisualStudioVersion = 10.0.40219.1
Project("{9A19103F-16F7-4668-BE54-9A1E7A4F7556}") = "LibraryProjrctC#", "LibraryProjrctC#.csproj", "{01E66CEB-6054-4725-8FF5-D22754ECCB7B}"
EndProject
Project("{FAE04EC0-301F-11D3-BF4B-00C04F79EFBC}") = "BusinessLayer", "..\BusinessLayer\BusinessLayer.csproj", "{44288243-3327-47DE-926D-1EBFF2B9B6D5}"
EndProject
Project("{FAE04EC0-301F-11D3-BF4B-00C04F79EFBC}") = "DataAccessLayer", "..\DataAccessLayer\DataAccessLayer.csproj", "{829F5730-8C80-44D8-9303-02279203592D}"
EndProject
Global
	GlobalSection(SolutionConfigurationPlatforms) = preSolution
		Debug|Any CPU = Debug|Any CPU
		Release|Any CPU = Release|Any CPU
	EndGlobalSection
	GlobalSection(ProjectConfigurationPlatforms) = postSolution
		{01E66CEB-6054-4725-8FF5-D22754ECCB7B}.Debug|Any CPU.ActiveCfg = Debug|Any CPU
		{01E66CEB-6054-4725-8FF5-D22754ECCB7B}.Debug|Any CPU.Build.0 = Debug|Any CPU
		{01E66CEB-6054-4725-8FF5-D22754ECCB7B}.Release|Any CPU.ActiveCfg = Release|Any CPU
		{01E66CEB-6054-4725-8FF5-D22754ECCB7B}.Release|Any CPU.Build.0 = Release|Any CPU
		{44288243-3327-47DE-926D-1EBFF2B9B6D5}.Debug|Any CPU.ActiveCfg = Debug|Any CPU
		{44288243-3327-47DE-926D-1EBFF2B9B6D5}.Debug|Any CPU.Build.0 = Debug|Any CPU
		{44288243-3327-47DE-926D-1EBFF2B9B6D5}.Release|Any CPU.ActiveCfg = Release|Any CPU
		{44288243-3327-47DE-926D-1EBFF2B9B6D5}.Release|Any CPU.Build.0 = Release|Any CPU
		{829F5730-8C80-44D8-9303-02279203592D}.Debug|Any CPU.ActiveCfg = Debug|Any CPU
		{829F5730-8C80-44D8-9303-02279203592D}.Debug|Any CPU.Build.0 = Debug|Any CPU
		{829F5730-8C80-44D8-9303-02279203592D}.Release|Any CPU.ActiveCfg = Release|Any CPU
		{829F5730-8C80-44D8-9303-02279203592D}.Release|Any CPU.Build.0 = Release|Any CPU
	EndGlobalSection
	GlobalSection(SolutionProperties) = preSolution
		HideSolutionNode = FALSE
	EndGlobalSection
	GlobalSection(ExtensibilityGlobals) = postSolution
		SolutionGuid = {4A16F62E-C8DD-4885-B779-AE84F089C872}
	EndGlobalSection
EndGlobal
